
Microsoft Visual Studio Solution File, Format Version 12.00
# Visual Studio Version 17
VisualStudioVersion = 17.10.34928.147
MinimumVisualStudioVersion = 10.0.40219.1
Project("{FAE04EC0-301F-11D3-BF4B-00C04F79EFBC}") = "Checkpoint2", "Checkpoint2\Checkpoint2.csproj", "{15BF0055-1BB6-4BE3-9AFC-0108A40D2C2B}"
EndProject
Global
	GlobalSection(SolutionConfigurationPlatforms) = preSolution
		Debug|Any CPU = Debug|Any CPU
		Release|Any CPU = Release|Any CPU
	EndGlobalSection
	GlobalSection(ProjectConfigurationPlatforms) = postSolution
		{15BF0055-1BB6-4BE3-9AFC-0108A40D2C2B}.Debug|Any CPU.ActiveCfg = Debug|Any CPU
		{15BF0055-1BB6-4BE3-9AFC-0108A40D2C2B}.Debug|Any CPU.Build.0 = Debug|Any CPU
		{15BF0055-1BB6-4BE3-9AFC-0108A40D2C2B}.Release|Any CPU.ActiveCfg = Release|Any CPU
		{15BF0055-1BB6-4BE3-9AFC-0108A40D2C2B}.Release|Any CPU.Build.0 = Release|Any CPU
	EndGlobalSection
	GlobalSection(SolutionProperties) = preSolution
		HideSolutionNode = FALSE
	EndGlobalSection
	GlobalSection(ExtensibilityGlobals) = postSolution
		SolutionGuid = {D992075C-4DA1-426C-B9CD-5AF8C3565A74}
	EndGlobalSection
EndGlobal
